
Microsoft Visual Studio Solution File, Format Version 12.00
# Visual Studio Version 16
VisualStudioVersion = 16.0.31321.278
MinimumVisualStudioVersion = 10.0.40219.1
Project("{FAE04EC0-301F-11D3-BF4B-00C04F79EFBC}") = "CursoAlura", "CursoAlura\CursoAlura.csproj", "{3B88E138-8056-4586-8291-666D1C421208}"
EndProject
Global
	GlobalSection(SolutionConfigurationPlatforms) = preSolution
		Debug|Any CPU = Debug|Any CPU
		Release|Any CPU = Release|Any CPU
	EndGlobalSection
	GlobalSection(ProjectConfigurationPlatforms) = postSolution
		{3B88E138-8056-4586-8291-666D1C421208}.Debug|Any CPU.ActiveCfg = Debug|Any CPU
		{3B88E138-8056-4586-8291-666D1C421208}.Debug|Any CPU.Build.0 = Debug|Any CPU
		{3B88E138-8056-4586-8291-666D1C421208}.Release|Any CPU.ActiveCfg = Release|Any CPU
		{3B88E138-8056-4586-8291-666D1C421208}.Release|Any CPU.Build.0 = Release|Any CPU
	EndGlobalSection
	GlobalSection(SolutionProperties) = preSolution
		HideSolutionNode = FALSE
	EndGlobalSection
	GlobalSection(ExtensibilityGlobals) = postSolution
		SolutionGuid = {4E730E23-62C9-4DAC-AAE5-DB529BC6D6E5}
	EndGlobalSection
EndGlobal
